
Microsoft Visual Studio Solution File, Format Version 12.00
# Visual Studio Version 16
VisualStudioVersion = 16.0.29709.97
MinimumVisualStudioVersion = 10.0.40219.1
Project("{F184B08F-C81C-45F6-A57F-5ABD9991F28F}") = "Homework2", "Homework2.vbproj", "{62097C71-7885-4CCF-A49F-95C3E0D80E66}"
EndProject
Global
	GlobalSection(SolutionConfigurationPlatforms) = preSolution
		Debug|Any CPU = Debug|Any CPU
		Release|Any CPU = Release|Any CPU
	EndGlobalSection
	GlobalSection(ProjectConfigurationPlatforms) = postSolution
		{62097C71-7885-4CCF-A49F-95C3E0D80E66}.Debug|Any CPU.ActiveCfg = Debug|Any CPU
		{62097C71-7885-4CCF-A49F-95C3E0D80E66}.Debug|Any CPU.Build.0 = Debug|Any CPU
		{62097C71-7885-4CCF-A49F-95C3E0D80E66}.Release|Any CPU.ActiveCfg = Release|Any CPU
		{62097C71-7885-4CCF-A49F-95C3E0D80E66}.Release|Any CPU.Build.0 = Release|Any CPU
	EndGlobalSection
	GlobalSection(SolutionProperties) = preSolution
		HideSolutionNode = FALSE
	EndGlobalSection
	GlobalSection(ExtensibilityGlobals) = postSolution
		SolutionGuid = {03F9FA7F-3636-45A6-AF6C-3A97870384BC}
	EndGlobalSection
EndGlobal
